{"1.2.0",
[{<<"app_config">>,
  {git,"https://github.com/leapsight/app_config.git",
       {ref,"01fa09bf6b7cac41b13a15552b6a9cc132acdaf4"}},
  0},
 {<<"awre">>,
  {git,"https://github.com/Leapsight/awre.git",
       {ref,"d55fff34d524d43150ca1f7d36ffc71236a3a096"}},
  0},
 {<<"backoff">>,{pkg,<<"backoff">>,<<"1.1.6">>},0},
 {<<"base62">>,
  {git,"https://gitlab.com/leapsight/base62.git",
       {ref,"6e1c622c2e9bba51fadba44fa050d4b4ae706890"}},
  3},
 {<<"bert">>,
  {git,"https://github.com/aramallo/bert.erl.git",
       {ref,"fea74099dad2eef4cb8164f7c55a3ee60d64381d"}},
  1},
 {<<"enacl">>,
  {git,"https://github.com/aeternity/enacl.git",
       {ref,"4eb7ec70084ba7c87b1af8797c4c4e90c84f95a2"}},
  0},
 {<<"flatlog">>,{pkg,<<"flatlog">>,<<"0.1.1">>},0},
 {<<"gproc">>,{pkg,<<"gproc">>,<<"0.9.0">>},0},
 {<<"jsone">>,{pkg,<<"jsone">>,<<"1.6.1">>},0},
 {<<"key_value">>,
  {git,"https://github.com/leapsight/key_value.git",
       {ref,"414fb19cd067b368666ceb5a2a63f1f24109562b"}},
  1},
 {<<"ksuid">>,
  {git,"https://gitlab.com/leapsight/ksuid.git",
       {ref,"a5016017edd1e99d46c9a6d4c348cb818e542b13"}},
  2},
 {<<"logger_colorful">>,{pkg,<<"logger_colorful">>,<<"0.1.0">>},0},
 {<<"maps_utils">>,
  {git,"https://github.com/Leapsight/maps_utils.git",
       {ref,"afa2da62e0e691ce33d1008cc424c994fff339bf"}},
  0},
 {<<"msgpack">>,{pkg,<<"msgpack">>,<<"0.7.0">>},0},
 {<<"pbkdf2">>,
  {git,"https://github.com/leapsight-oss/erlang-pbkdf2.git",
       {ref,"84f964b1875b047c3ad93d43cc350c45d6e27f9c"}},
  0},
 {<<"utils">>,
  {git,"https://gitlab.com/leapsight/utils.git",
       {ref,"881e59760358bf22979d6ef1fcd96fc476c8b3ca"}},
  1},
 {<<"wamp">>,
  {git,"https://github.com/Leapsight/wamp.git",
       {ref,"73c97fd06c5905d492d252d01bbd73cebe4ae337"}},
  0},
 {<<"wamper">>,
  {git,"https://github.com/aramallo/wamper.git",
       {ref,"cd2827b87247b53d79f993eea2acb7afefc322c2"}},
  0}]}.
[
{pkg_hash,[
 {<<"backoff">>, <<"83B72ED2108BA1EE8F7D1C22E0B4A00CFE3593A67DBC792799E8CCE9F42F796B">>},
 {<<"flatlog">>, <<"4A181C1B7596A0181C727C06858CBF4BA8C273643D0A2A2FB434EAD961584575">>},
 {<<"gproc">>, <<"853CCB7805E9ADA25D227A157BA966F7B34508F386A3E7E21992B1B484230699">>},
 {<<"jsone">>, <<"7EA1098FE004C4127320FE0E3CF6A951B01F82039FEAA56C322DC7E34DD59762">>},
 {<<"logger_colorful">>, <<"548A7F21C7F2F6713CD2E1A7B1323B2AD712E11AE5913D2FB05BE6F34B799081">>},
 {<<"msgpack">>, <<"128AE0A2227C7E7A2847C0F0F73551C268464F8C1EE96BFFB920BC0A5712B295">>}]},
{pkg_hash_ext,[
 {<<"backoff">>, <<"CF0CFFF8995FB20562F822E5CC47D8CCF664C5ECDC26A684CBE85C225F9D7C39">>},
 {<<"flatlog">>, <<"7F1DB0E971A42D5929D5C297D3D8D17340BF2DACE2AFFF292B2AFBD4AD6B8452">>},
 {<<"gproc">>, <<"587E8AF698CCD3504CF4BA8D90F893EDE2B0F58CABB8A916E2BF9321DE3CF10B">>},
 {<<"jsone">>, <<"A6C1DF6081DF742068D2ED747A4FE8A7740C56421B53E02BC9D4907DD3502922">>},
 {<<"logger_colorful">>, <<"D2A11586B2311FF2CC4B2C38835FE8C8768D2087AE9BF7D9EA80C8C33E92689D">>},
 {<<"msgpack">>, <<"4649353DA003E6F438D105E4B1E0F17757F6F5EC8687A6F30875FF3AC4CE2A51">>}]}
].
