{"1.2.0",
[{<<"app_config">>,
  {git,"https://gitlab.com/leapsight/app_config.git",
       {ref,"a777f83159427c02483c9fc2516eb6d39dd962bc"}},
  0},
 {<<"awre">>,
  {git,"https://github.com/aramallo/awre.git",
       {ref,"688d2da6b815171c3e9d6e53ee1e9431cb774eab"}},
  0},
 {<<"backoff">>,
  {git,"https://github.com/ferd/backoff.git",
       {ref,"dfb19a20c37b73af067edc3c335624bdf9517396"}},
  0},
 {<<"goldrush">>,{pkg,<<"goldrush">>,<<"0.1.9">>},1},
 {<<"gproc">>,{pkg,<<"gproc">>,<<"0.8.0">>},0},
 {<<"jsone">>,{pkg,<<"jsone">>,<<"1.5.4">>},0},
 {<<"key_value">>,
  {git,"https://gitlab.com/leapsight/key_value.git",
       {ref,"8fffd1b7ca520cf488251c9d32ffd0959c2ab039"}},
  1},
 {<<"lager">>,{pkg,<<"lager">>,<<"3.9.1">>},0},
 {<<"msgpack">>,{pkg,<<"msgpack">>,<<"0.7.0">>},0},
 {<<"pbkdf2">>,
  {git,"https://github.com/pma/erlang-pbkdf2",
       {ref,"93b290d72b107747c717fb1f55811d2ebc1b73ed"}},
  0},
 {<<"wamper">>,
  {git,"https://github.com/aramallo/wamper.git",
       {ref,"cd2827b87247b53d79f993eea2acb7afefc322c2"}},
  0}]}.
[
{pkg_hash,[
 {<<"goldrush">>, <<"F06E5D5F1277DA5C413E84D5A2924174182FB108DABB39D5EC548B27424CD106">>},
 {<<"gproc">>, <<"CEA02C578589C61E5341FCE149EA36CCEF236CC2ECAC8691FBA408E7EA77EC2F">>},
 {<<"jsone">>, <<"25C8592FAC4B1340826834690519D317D519799F2B280678291DAC54F9E3794C">>},
 {<<"lager">>, <<"5885BC71308CD38F9D025C8ECDE4E5CCE1CE8565F80BFC6199865C845D6DBE95">>},
 {<<"msgpack">>, <<"128AE0A2227C7E7A2847C0F0F73551C268464F8C1EE96BFFB920BC0A5712B295">>}]},
{pkg_hash_ext,[
 {<<"goldrush">>, <<"99CB4128CFFCB3227581E5D4D803D5413FA643F4EB96523F77D9E6937D994CEB">>},
 {<<"gproc">>, <<"580ADAFA56463B75263EF5A5DF4C86AF321F68694E7786CB057FD805D1E2A7DE">>},
 {<<"jsone">>, <<"EA0AF08863188FAB0BDA69DB5A20253723F246CF50719CA52E4B692464F445F8">>},
 {<<"lager">>, <<"3F59BA75A04A99E5F18BF91C89F46DCE536F83C6CB415FE26E6E75A62BEF37DC">>},
 {<<"msgpack">>, <<"4649353DA003E6F438D105E4B1E0F17757F6F5EC8687A6F30875FF3AC4CE2A51">>}]}
].
